
Microsoft Visual Studio Solution File, Format Version 12.00
# Visual Studio Version 17
VisualStudioVersion = 17.13.35828.75 d17.13
MinimumVisualStudioVersion = 10.0.40219.1
Project("{FAE04EC0-301F-11D3-BF4B-00C04F79EFBC}") = "EFCore1", "EFCore1.csproj", "{56A300FC-7625-442D-8595-D7E2B2BB85FE}"
EndProject
Global
	GlobalSection(SolutionConfigurationPlatforms) = preSolution
		Debug|Any CPU = Debug|Any CPU
		Release|Any CPU = Release|Any CPU
	EndGlobalSection
	GlobalSection(ProjectConfigurationPlatforms) = postSolution
		{56A300FC-7625-442D-8595-D7E2B2BB85FE}.Debug|Any CPU.ActiveCfg = Debug|Any CPU
		{56A300FC-7625-442D-8595-D7E2B2BB85FE}.Debug|Any CPU.Build.0 = Debug|Any CPU
		{56A300FC-7625-442D-8595-D7E2B2BB85FE}.Release|Any CPU.ActiveCfg = Release|Any CPU
		{56A300FC-7625-442D-8595-D7E2B2BB85FE}.Release|Any CPU.Build.0 = Release|Any CPU
	EndGlobalSection
	GlobalSection(SolutionProperties) = preSolution
		HideSolutionNode = FALSE
	EndGlobalSection
	GlobalSection(ExtensibilityGlobals) = postSolution
		SolutionGuid = {795BBC92-36A4-4F04-9F89-16A4D3651B7B}
	EndGlobalSection
EndGlobal
